// !$*UTF8*$!
{
	archiveVersion = 1;
	classes = {
	};
	objectVersion = 56;
	objects = {

/* Begin PBXBuildFile section */
		B30573002C81D653000CE5A8 /* BackendClient.swift in Sources */ = {isa = PBXBuildFile; fileRef = B30572FF2C81D653000CE5A8 /* BackendClient.swift */; };
		B30573032C81D8EB000CE5A8 /* NCMDBackendClient.swift in Sources */ = {isa = PBXBuildFile; fileRef = B30573022C81D8EB000CE5A8 /* NCMDBackendClient.swift */; };
		B30573052C81DACA000CE5A8 /* PreviewBackendClient.swift in Sources */ = {isa = PBXBuildFile; fileRef = B30573042C81DACA000CE5A8 /* PreviewBackendClient.swift */; };
		B30573082C81DD4F000CE5A8 /* GetQueryItem.swift in Sources */ = {isa = PBXBuildFile; fileRef = B30573072C81DD4F000CE5A8 /* GetQueryItem.swift */; };
		B305730A2C81DE72000CE5A8 /* SignInError.swift in Sources */ = {isa = PBXBuildFile; fileRef = B30573092C81DE72000CE5A8 /* SignInError.swift */; };
		B30573122C81F218000CE5A8 /* NCMDBackendClientTests.swift in Sources */ = {isa = PBXBuildFile; fileRef = B30573112C81F218000CE5A8 /* NCMDBackendClientTests.swift */; };
		B30573182C81F914000CE5A8 /* NCMDBackendClient.swift in Sources */ = {isa = PBXBuildFile; fileRef = B30573022C81D8EB000CE5A8 /* NCMDBackendClient.swift */; };
		B30573192C81F9AB000CE5A8 /* BackendClient.swift in Sources */ = {isa = PBXBuildFile; fileRef = B30572FF2C81D653000CE5A8 /* BackendClient.swift */; };
		B323D95B2C5F163B00EA8BDA /* MainView.swift in Sources */ = {isa = PBXBuildFile; fileRef = B323D95A2C5F163B00EA8BDA /* MainView.swift */; };
		B323D9622C61C9ED00EA8BDA /* Markdown in Frameworks */ = {isa = PBXBuildFile; productRef = B323D9612C61C9ED00EA8BDA /* Markdown */; };
		B323D9642C61D5A700EA8BDA /* PreviewPostView.swift in Sources */ = {isa = PBXBuildFile; fileRef = B323D9632C61D5A700EA8BDA /* PreviewPostView.swift */; };
		B324563D2C631DF300AE2C72 /* NCMDView.swift in Sources */ = {isa = PBXBuildFile; fileRef = B324563C2C631DF300AE2C72 /* NCMDView.swift */; };
		B3B9C0A42C6741760069FD9E /* CONTRIBUTING.md in Resources */ = {isa = PBXBuildFile; fileRef = B3B9C0A32C6741750069FD9E /* CONTRIBUTING.md */; };
		B3BB0B5C2C6B68F900FD4664 /* NCMDEditor.swift in Sources */ = {isa = PBXBuildFile; fileRef = B3BB0B5B2C6B68F900FD4664 /* NCMDEditor.swift */; };
		B3D8277F2C5C562D00618E3F /* NCMDApp.swift in Sources */ = {isa = PBXBuildFile; fileRef = B3D8277E2C5C562D00618E3F /* NCMDApp.swift */; };
		B3D827832C5C563000618E3F /* Assets.xcassets in Resources */ = {isa = PBXBuildFile; fileRef = B3D827822C5C563000618E3F /* Assets.xcassets */; };
		B3D827862C5C563000618E3F /* Preview Assets.xcassets in Resources */ = {isa = PBXBuildFile; fileRef = B3D827852C5C563000618E3F /* Preview Assets.xcassets */; };
		B3F1A18D2C63281900DE8D5B /* NCMDHeadingView.swift in Sources */ = {isa = PBXBuildFile; fileRef = B3F1A18C2C63281900DE8D5B /* NCMDHeadingView.swift */; };
		B3F1A1912C632A7D00DE8D5B /* NCMDSamples.swift in Sources */ = {isa = PBXBuildFile; fileRef = B3F1A1902C632A7D00DE8D5B /* NCMDSamples.swift */; };
		B3F1A1932C6362E000DE8D5B /* NCMDParagraphView.swift in Sources */ = {isa = PBXBuildFile; fileRef = B3F1A1922C6362E000DE8D5B /* NCMDParagraphView.swift */; };
/* End PBXBuildFile section */

/* Begin PBXContainerItemProxy section */
		B30573132C81F218000CE5A8 /* PBXContainerItemProxy */ = {
			isa = PBXContainerItemProxy;
			containerPortal = B3D827732C5C562D00618E3F /* Project object */;
			proxyType = 1;
			remoteGlobalIDString = B3D8277A2C5C562D00618E3F;
			remoteInfo = mrkdown;
		};
/* End PBXContainerItemProxy section */

/* Begin PBXFileReference section */
		B30572FF2C81D653000CE5A8 /* BackendClient.swift */ = {isa = PBXFileReference; lastKnownFileType = sourcecode.swift; path = BackendClient.swift; sourceTree = "<group>"; };
		B30573022C81D8EB000CE5A8 /* NCMDBackendClient.swift */ = {isa = PBXFileReference; lastKnownFileType = sourcecode.swift; path = NCMDBackendClient.swift; sourceTree = "<group>"; };
		B30573042C81DACA000CE5A8 /* PreviewBackendClient.swift */ = {isa = PBXFileReference; lastKnownFileType = sourcecode.swift; path = PreviewBackendClient.swift; sourceTree = "<group>"; };
		B30573072C81DD4F000CE5A8 /* GetQueryItem.swift */ = {isa = PBXFileReference; lastKnownFileType = sourcecode.swift; path = GetQueryItem.swift; sourceTree = "<group>"; };
		B30573092C81DE72000CE5A8 /* SignInError.swift */ = {isa = PBXFileReference; lastKnownFileType = sourcecode.swift; path = SignInError.swift; sourceTree = "<group>"; };
		B305730F2C81F218000CE5A8 /* mrkdownTests.xctest */ = {isa = PBXFileReference; explicitFileType = wrapper.cfbundle; includeInIndex = 0; path = mrkdownTests.xctest; sourceTree = BUILT_PRODUCTS_DIR; };
		B30573112C81F218000CE5A8 /* NCMDBackendClientTests.swift */ = {isa = PBXFileReference; lastKnownFileType = sourcecode.swift; path = NCMDBackendClientTests.swift; sourceTree = "<group>"; };
		B323D95A2C5F163B00EA8BDA /* MainView.swift */ = {isa = PBXFileReference; lastKnownFileType = sourcecode.swift; path = MainView.swift; sourceTree = "<group>"; };
		B323D9632C61D5A700EA8BDA /* PreviewPostView.swift */ = {isa = PBXFileReference; lastKnownFileType = sourcecode.swift; path = PreviewPostView.swift; sourceTree = "<group>"; };
		B324563C2C631DF300AE2C72 /* NCMDView.swift */ = {isa = PBXFileReference; lastKnownFileType = sourcecode.swift; path = NCMDView.swift; sourceTree = "<group>"; };
		B361DEF62C682D31009D91E4 /* SECURITY.md */ = {isa = PBXFileReference; lastKnownFileType = net.daringfireball.markdown; path = SECURITY.md; sourceTree = "<group>"; };
		B3B9C0A22C6740BF0069FD9E /* CODE_OF_CONDUCT.md */ = {isa = PBXFileReference; lastKnownFileType = net.daringfireball.markdown; path = CODE_OF_CONDUCT.md; sourceTree = "<group>"; };
		B3B9C0A32C6741750069FD9E /* CONTRIBUTING.md */ = {isa = PBXFileReference; fileEncoding = 4; lastKnownFileType = net.daringfireball.markdown; path = CONTRIBUTING.md; sourceTree = "<group>"; };
		B3BB0B5B2C6B68F900FD4664 /* NCMDEditor.swift */ = {isa = PBXFileReference; lastKnownFileType = sourcecode.swift; path = NCMDEditor.swift; sourceTree = "<group>"; };
		B3CA0EE32C5C578A00891493 /* LICENSE */ = {isa = PBXFileReference; lastKnownFileType = text; path = LICENSE; sourceTree = "<group>"; };
		B3CA0EE52C5C57B900891493 /* README.md */ = {isa = PBXFileReference; lastKnownFileType = net.daringfireball.markdown; path = README.md; sourceTree = "<group>"; };
		B3D8277B2C5C562D00618E3F /* mrkdown.app */ = {isa = PBXFileReference; explicitFileType = wrapper.application; includeInIndex = 0; path = mrkdown.app; sourceTree = BUILT_PRODUCTS_DIR; };
		B3D8277E2C5C562D00618E3F /* NCMDApp.swift */ = {isa = PBXFileReference; lastKnownFileType = sourcecode.swift; path = NCMDApp.swift; sourceTree = "<group>"; };
		B3D827822C5C563000618E3F /* Assets.xcassets */ = {isa = PBXFileReference; lastKnownFileType = folder.assetcatalog; path = Assets.xcassets; sourceTree = "<group>"; };
		B3D827852C5C563000618E3F /* Preview Assets.xcassets */ = {isa = PBXFileReference; lastKnownFileType = folder.assetcatalog; path = "Preview Assets.xcassets"; sourceTree = "<group>"; };
		B3EFF2C42C913C82002F386C /* tinted.svg */ = {isa = PBXFileReference; lastKnownFileType = text; path = tinted.svg; sourceTree = "<group>"; };
		B3EFF2C52C913C82002F386C /* light.svg */ = {isa = PBXFileReference; lastKnownFileType = text; path = light.svg; sourceTree = "<group>"; };
		B3EFF2C62C913C82002F386C /* dark.svg */ = {isa = PBXFileReference; lastKnownFileType = text; path = dark.svg; sourceTree = "<group>"; };
		B3F1A18C2C63281900DE8D5B /* NCMDHeadingView.swift */ = {isa = PBXFileReference; lastKnownFileType = sourcecode.swift; path = NCMDHeadingView.swift; sourceTree = "<group>"; };
		B3F1A1902C632A7D00DE8D5B /* NCMDSamples.swift */ = {isa = PBXFileReference; lastKnownFileType = sourcecode.swift; path = NCMDSamples.swift; sourceTree = "<group>"; };
		B3F1A1922C6362E000DE8D5B /* NCMDParagraphView.swift */ = {isa = PBXFileReference; lastKnownFileType = sourcecode.swift; path = NCMDParagraphView.swift; sourceTree = "<group>"; };
/* End PBXFileReference section */

/* Begin PBXFrameworksBuildPhase section */
		B305730C2C81F218000CE5A8 /* Frameworks */ = {
			isa = PBXFrameworksBuildPhase;
			buildActionMask = 2147483647;
			files = (
			);
			runOnlyForDeploymentPostprocessing = 0;
		};
		B3D827782C5C562D00618E3F /* Frameworks */ = {
			isa = PBXFrameworksBuildPhase;
			buildActionMask = 2147483647;
			files = (
				B323D9622C61C9ED00EA8BDA /* Markdown in Frameworks */,
			);
			runOnlyForDeploymentPostprocessing = 0;
		};
/* End PBXFrameworksBuildPhase section */

/* Begin PBXGroup section */
		B30572FE2C81D629000CE5A8 /* Abstractions */ = {
			isa = PBXGroup;
			children = (
				B30572FF2C81D653000CE5A8 /* BackendClient.swift */,
				B30573092C81DE72000CE5A8 /* SignInError.swift */,
			);
			path = Abstractions;
			sourceTree = "<group>";
		};
		B30573012C81D8C7000CE5A8 /* Implementations */ = {
			isa = PBXGroup;
			children = (
				B30573022C81D8EB000CE5A8 /* NCMDBackendClient.swift */,
			);
			path = Implementations;
			sourceTree = "<group>";
		};
		B30573062C81DD35000CE5A8 /* Utilities */ = {
			isa = PBXGroup;
			children = (
				B30573072C81DD4F000CE5A8 /* GetQueryItem.swift */,
			);
			path = Utilities;
			sourceTree = "<group>";
		};
		B30573102C81F218000CE5A8 /* Tests */ = {
			isa = PBXGroup;
			children = (
				B30573112C81F218000CE5A8 /* NCMDBackendClientTests.swift */,
			);
			path = Tests;
			sourceTree = "<group>";
		};
		B3CA0EE72C5C586700891493 /* Docs */ = {
			isa = PBXGroup;
			children = (
				B3CA0EE52C5C57B900891493 /* README.md */,
				B3B9C0A22C6740BF0069FD9E /* CODE_OF_CONDUCT.md */,
				B3B9C0A32C6741750069FD9E /* CONTRIBUTING.md */,
				B361DEF62C682D31009D91E4 /* SECURITY.md */,
				B3CA0EE32C5C578A00891493 /* LICENSE */,
			);
			name = Docs;
			sourceTree = "<group>";
		};
		B3D827722C5C562D00618E3F = {
			isa = PBXGroup;
			children = (
				B3CA0EE72C5C586700891493 /* Docs */,
				B3EFF2C32C913C02002F386C /* IconSources */,
				B3D8277D2C5C562D00618E3F /* Main */,
				B30573102C81F218000CE5A8 /* Tests */,
				B3D8277C2C5C562D00618E3F /* Products */,
			);
			sourceTree = "<group>";
		};
		B3D8277C2C5C562D00618E3F /* Products */ = {
			isa = PBXGroup;
			children = (
				B3D8277B2C5C562D00618E3F /* mrkdown.app */,
				B305730F2C81F218000CE5A8 /* mrkdownTests.xctest */,
			);
			name = Products;
			sourceTree = "<group>";
		};
		B3D8277D2C5C562D00618E3F /* Main */ = {
			isa = PBXGroup;
			children = (
				B30572FE2C81D629000CE5A8 /* Abstractions */,
				B3F1A18B2C63279300DE8D5B /* Components */,
				B30573012C81D8C7000CE5A8 /* Implementations */,
				B3F1A18A2C63278400DE8D5B /* Screens */,
				B30573062C81DD35000CE5A8 /* Utilities */,
				B3D8277E2C5C562D00618E3F /* NCMDApp.swift */,
				B3D827822C5C563000618E3F /* Assets.xcassets */,
				B3D827842C5C563000618E3F /* Preview Content */,
			);
			path = Main;
			sourceTree = "<group>";
		};
		B3D827842C5C563000618E3F /* Preview Content */ = {
			isa = PBXGroup;
			children = (
				B3F1A1902C632A7D00DE8D5B /* NCMDSamples.swift */,
				B30573042C81DACA000CE5A8 /* PreviewBackendClient.swift */,
				B3D827852C5C563000618E3F /* Preview Assets.xcassets */,
			);
			path = "Preview Content";
			sourceTree = "<group>";
		};
		B3EFF2C32C913C02002F386C /* IconSources */ = {
			isa = PBXGroup;
			children = (
				B3EFF2C62C913C82002F386C /* dark.svg */,
				B3EFF2C52C913C82002F386C /* light.svg */,
				B3EFF2C42C913C82002F386C /* tinted.svg */,
			);
			path = IconSources;
			sourceTree = "<group>";
		};
		B3F1A18A2C63278400DE8D5B /* Screens */ = {
			isa = PBXGroup;
			children = (
				B323D95A2C5F163B00EA8BDA /* MainView.swift */,
				B323D9632C61D5A700EA8BDA /* PreviewPostView.swift */,
			);
			path = Screens;
			sourceTree = "<group>";
		};
		B3F1A18B2C63279300DE8D5B /* Components */ = {
			isa = PBXGroup;
			children = (
				B3BB0B5B2C6B68F900FD4664 /* NCMDEditor.swift */,
				B3F1A18C2C63281900DE8D5B /* NCMDHeadingView.swift */,
				B3F1A1922C6362E000DE8D5B /* NCMDParagraphView.swift */,
				B324563C2C631DF300AE2C72 /* NCMDView.swift */,
			);
			path = Components;
			sourceTree = "<group>";
		};
/* End PBXGroup section */

/* Begin PBXNativeTarget section */
		B305730E2C81F218000CE5A8 /* mrkdownTests */ = {
			isa = PBXNativeTarget;
			buildConfigurationList = B30573152C81F218000CE5A8 /* Build configuration list for PBXNativeTarget "mrkdownTests" */;
			buildPhases = (
				B305730B2C81F218000CE5A8 /* Sources */,
				B305730C2C81F218000CE5A8 /* Frameworks */,
				B305730D2C81F218000CE5A8 /* Resources */,
			);
			buildRules = (
			);
			dependencies = (
				B30573142C81F218000CE5A8 /* PBXTargetDependency */,
			);
			name = mrkdownTests;
			productName = mrkdownTests;
			productReference = B305730F2C81F218000CE5A8 /* mrkdownTests.xctest */;
			productType = "com.apple.product-type.bundle.unit-test";
		};
		B3D8277A2C5C562D00618E3F /* mrkdown */ = {
			isa = PBXNativeTarget;
			buildConfigurationList = B3D827892C5C563000618E3F /* Build configuration list for PBXNativeTarget "mrkdown" */;
			buildPhases = (
				B3D827772C5C562D00618E3F /* Sources */,
				B30CB4912C687F03000426D4 /* Run SwiftLint */,
				B3D827782C5C562D00618E3F /* Frameworks */,
				B3D827792C5C562D00618E3F /* Resources */,
			);
			buildRules = (
			);
			dependencies = (
			);
			name = mrkdown;
			packageProductDependencies = (
				B323D9612C61C9ED00EA8BDA /* Markdown */,
			);
			productName = mrkdown;
			productReference = B3D8277B2C5C562D00618E3F /* mrkdown.app */;
			productType = "com.apple.product-type.application";
		};
/* End PBXNativeTarget section */

/* Begin PBXProject section */
		B3D827732C5C562D00618E3F /* Project object */ = {
			isa = PBXProject;
			attributes = {
				BuildIndependentTargetsInParallel = 1;
				LastSwiftUpdateCheck = 1540;
				LastUpgradeCheck = 1540;
				TargetAttributes = {
					B305730E2C81F218000CE5A8 = {
						CreatedOnToolsVersion = 15.4;
						TestTargetID = B3D8277A2C5C562D00618E3F;
					};
					B3D8277A2C5C562D00618E3F = {
						CreatedOnToolsVersion = 14.2;
					};
				};
			};
			buildConfigurationList = B3D827762C5C562D00618E3F /* Build configuration list for PBXProject "mrkdown" */;
			compatibilityVersion = "Xcode 14.0";
			developmentRegion = en;
			hasScannedForEncodings = 0;
			knownRegions = (
				en,
				Base,
			);
			mainGroup = B3D827722C5C562D00618E3F;
			packageReferences = (
				B323D9602C61C9ED00EA8BDA /* XCRemoteSwiftPackageReference "swift-markdown" */,
				B30CB4902C687EFC000426D4 /* XCRemoteSwiftPackageReference "SwiftLintPlugins" */,
			);
			productRefGroup = B3D8277C2C5C562D00618E3F /* Products */;
			projectDirPath = "";
			projectRoot = "";
			targets = (
				B3D8277A2C5C562D00618E3F /* mrkdown */,
				B305730E2C81F218000CE5A8 /* mrkdownTests */,
			);
		};
/* End PBXProject section */

/* Begin PBXResourcesBuildPhase section */
		B305730D2C81F218000CE5A8 /* Resources */ = {
			isa = PBXResourcesBuildPhase;
			buildActionMask = 2147483647;
			files = (
			);
			runOnlyForDeploymentPostprocessing = 0;
		};
		B3D827792C5C562D00618E3F /* Resources */ = {
			isa = PBXResourcesBuildPhase;
			buildActionMask = 2147483647;
			files = (
				B3D827862C5C563000618E3F /* Preview Assets.xcassets in Resources */,
				B3D827832C5C563000618E3F /* Assets.xcassets in Resources */,
				B3B9C0A42C6741760069FD9E /* CONTRIBUTING.md in Resources */,
			);
			runOnlyForDeploymentPostprocessing = 0;
		};
/* End PBXResourcesBuildPhase section */

/* Begin PBXShellScriptBuildPhase section */
		B30CB4912C687F03000426D4 /* Run SwiftLint */ = {
			isa = PBXShellScriptBuildPhase;
			alwaysOutOfDate = 1;
			buildActionMask = 2147483647;
			files = (
			);
			inputFileListPaths = (
			);
			inputPaths = (
			);
			name = "Run SwiftLint";
			outputFileListPaths = (
			);
			outputPaths = (
			);
			runOnlyForDeploymentPostprocessing = 0;
			shellPath = /bin/sh;
			shellScript = "if [ $ENABLE_USER_SCRIPT_SANDBOXING = \"NO\" ]\nthen\n  SWIFT_PACKAGE_DIR=\"${BUILD_DIR%Build/*}SourcePackages/artifacts\"\n  SWIFTLINT_CMD=$(ls \"$SWIFT_PACKAGE_DIR\"/swiftlintplugins/SwiftLintBinary/SwiftLintBinary.artifactbundle/swiftlint-*/bin/swiftlint | head -n 1)\n\n  if test -f \"$SWIFTLINT_CMD\" 2>&1\n  then\n    \"$SWIFTLINT_CMD\"\n  else\n    echo \"warning: `swiftlint` command not found - See https://github.com/realm/SwiftLint#installation for installation instructions.\"\n  fi\nfi\n";
		};
/* End PBXShellScriptBuildPhase section */

/* Begin PBXSourcesBuildPhase section */
		B305730B2C81F218000CE5A8 /* Sources */ = {
			isa = PBXSourcesBuildPhase;
			buildActionMask = 2147483647;
			files = (
				B30573192C81F9AB000CE5A8 /* BackendClient.swift in Sources */,
				B30573122C81F218000CE5A8 /* NCMDBackendClientTests.swift in Sources */,
				B30573182C81F914000CE5A8 /* NCMDBackendClient.swift in Sources */,
			);
			runOnlyForDeploymentPostprocessing = 0;
		};
		B3D827772C5C562D00618E3F /* Sources */ = {
			isa = PBXSourcesBuildPhase;
			buildActionMask = 2147483647;
			files = (
				B30573052C81DACA000CE5A8 /* PreviewBackendClient.swift in Sources */,
				B323D95B2C5F163B00EA8BDA /* MainView.swift in Sources */,
				B3F1A1912C632A7D00DE8D5B /* NCMDSamples.swift in Sources */,
				B3BB0B5C2C6B68F900FD4664 /* NCMDEditor.swift in Sources */,
				B3F1A18D2C63281900DE8D5B /* NCMDHeadingView.swift in Sources */,
				B3D8277F2C5C562D00618E3F /* NCMDApp.swift in Sources */,
				B30573082C81DD4F000CE5A8 /* GetQueryItem.swift in Sources */,
				B30573032C81D8EB000CE5A8 /* NCMDBackendClient.swift in Sources */,
				B324563D2C631DF300AE2C72 /* NCMDView.swift in Sources */,
				B3F1A1932C6362E000DE8D5B /* NCMDParagraphView.swift in Sources */,
				B305730A2C81DE72000CE5A8 /* SignInError.swift in Sources */,
				B323D9642C61D5A700EA8BDA /* PreviewPostView.swift in Sources */,
				B30573002C81D653000CE5A8 /* BackendClient.swift in Sources */,
			);
			runOnlyForDeploymentPostprocessing = 0;
		};
/* End PBXSourcesBuildPhase section */

/* Begin PBXTargetDependency section */
		B30573142C81F218000CE5A8 /* PBXTargetDependency */ = {
			isa = PBXTargetDependency;
			target = B3D8277A2C5C562D00618E3F /* mrkdown */;
			targetProxy = B30573132C81F218000CE5A8 /* PBXContainerItemProxy */;
		};
/* End PBXTargetDependency section */

/* Begin XCBuildConfiguration section */
		B30573162C81F218000CE5A8 /* Debug */ = {
			isa = XCBuildConfiguration;
			buildSettings = {
				ASSETCATALOG_COMPILER_GENERATE_SWIFT_ASSET_SYMBOL_EXTENSIONS = YES;
				BUNDLE_LOADER = "$(TEST_HOST)";
				CODE_SIGN_STYLE = Automatic;
				CURRENT_PROJECT_VERSION = 1;
				DEVELOPMENT_TEAM = Z3C5WBU343;
				GCC_C_LANGUAGE_STANDARD = gnu17;
				GENERATE_INFOPLIST_FILE = YES;
				IPHONEOS_DEPLOYMENT_TARGET = 16.4;
				LOCALIZATION_PREFERS_STRING_CATALOGS = YES;
				MARKETING_VERSION = 1.0;
				PRODUCT_BUNDLE_IDENTIFIER = dev.slottedspoon.mrkdownTests;
				PRODUCT_NAME = "$(TARGET_NAME)";
				SUPPORTED_PLATFORMS = "iphoneos iphonesimulator";
				SUPPORTS_MACCATALYST = NO;
				SUPPORTS_MAC_DESIGNED_FOR_IPHONE_IPAD = NO;
				SUPPORTS_XR_DESIGNED_FOR_IPHONE_IPAD = NO;
				SWIFT_ACTIVE_COMPILATION_CONDITIONS = "DEBUG $(inherited)";
				SWIFT_EMIT_LOC_STRINGS = NO;
				SWIFT_VERSION = 5.0;
				TARGETED_DEVICE_FAMILY = "1,2";
				TEST_HOST = "$(BUILT_PRODUCTS_DIR)/mrkdown.app/$(BUNDLE_EXECUTABLE_FOLDER_PATH)/mrkdown";
			};
			name = Debug;
		};
		B30573172C81F218000CE5A8 /* Release */ = {
			isa = XCBuildConfiguration;
			buildSettings = {
				ASSETCATALOG_COMPILER_GENERATE_SWIFT_ASSET_SYMBOL_EXTENSIONS = YES;
				BUNDLE_LOADER = "$(TEST_HOST)";
				CODE_SIGN_STYLE = Automatic;
				CURRENT_PROJECT_VERSION = 1;
				DEVELOPMENT_TEAM = Z3C5WBU343;
				GCC_C_LANGUAGE_STANDARD = gnu17;
				GENERATE_INFOPLIST_FILE = YES;
				IPHONEOS_DEPLOYMENT_TARGET = 16.4;
				LOCALIZATION_PREFERS_STRING_CATALOGS = YES;
				MARKETING_VERSION = 1.0;
				PRODUCT_BUNDLE_IDENTIFIER = dev.slottedspoon.mrkdownTests;
				PRODUCT_NAME = "$(TARGET_NAME)";
				SUPPORTED_PLATFORMS = "iphoneos iphonesimulator";
				SUPPORTS_MACCATALYST = NO;
				SUPPORTS_MAC_DESIGNED_FOR_IPHONE_IPAD = NO;
				SUPPORTS_XR_DESIGNED_FOR_IPHONE_IPAD = NO;
				SWIFT_EMIT_LOC_STRINGS = NO;
				SWIFT_VERSION = 5.0;
				TARGETED_DEVICE_FAMILY = "1,2";
				TEST_HOST = "$(BUILT_PRODUCTS_DIR)/mrkdown.app/$(BUNDLE_EXECUTABLE_FOLDER_PATH)/mrkdown";
			};
			name = Release;
		};
		B3D827872C5C563000618E3F /* Debug */ = {
			isa = XCBuildConfiguration;
			buildSettings = {
				ALWAYS_SEARCH_USER_PATHS = NO;
				CLANG_ANALYZER_NONNULL = YES;
				CLANG_ANALYZER_NUMBER_OBJECT_CONVERSION = YES_AGGRESSIVE;
				CLANG_CXX_LANGUAGE_STANDARD = "gnu++20";
				CLANG_ENABLE_MODULES = YES;
				CLANG_ENABLE_OBJC_ARC = YES;
				CLANG_ENABLE_OBJC_WEAK = YES;
				CLANG_WARN_BLOCK_CAPTURE_AUTORELEASING = YES;
				CLANG_WARN_BOOL_CONVERSION = YES;
				CLANG_WARN_COMMA = YES;
				CLANG_WARN_CONSTANT_CONVERSION = YES;
				CLANG_WARN_DEPRECATED_OBJC_IMPLEMENTATIONS = YES;
				CLANG_WARN_DIRECT_OBJC_ISA_USAGE = YES_ERROR;
				CLANG_WARN_DOCUMENTATION_COMMENTS = YES;
				CLANG_WARN_EMPTY_BODY = YES;
				CLANG_WARN_ENUM_CONVERSION = YES;
				CLANG_WARN_INFINITE_RECURSION = YES;
				CLANG_WARN_INT_CONVERSION = YES;
				CLANG_WARN_NON_LITERAL_NULL_CONVERSION = YES;
				CLANG_WARN_OBJC_IMPLICIT_RETAIN_SELF = YES;
				CLANG_WARN_OBJC_LITERAL_CONVERSION = YES;
				CLANG_WARN_OBJC_ROOT_CLASS = YES_ERROR;
				CLANG_WARN_QUOTED_INCLUDE_IN_FRAMEWORK_HEADER = YES;
				CLANG_WARN_RANGE_LOOP_ANALYSIS = YES;
				CLANG_WARN_STRICT_PROTOTYPES = YES;
				CLANG_WARN_SUSPICIOUS_MOVE = YES;
				CLANG_WARN_UNGUARDED_AVAILABILITY = YES_AGGRESSIVE;
				CLANG_WARN_UNREACHABLE_CODE = YES;
				CLANG_WARN__DUPLICATE_METHOD_MATCH = YES;
				COPY_PHASE_STRIP = NO;
				DEBUG_INFORMATION_FORMAT = dwarf;
				ENABLE_STRICT_OBJC_MSGSEND = YES;
				ENABLE_TESTABILITY = YES;
				ENABLE_USER_SCRIPT_SANDBOXING = YES;
				GCC_C_LANGUAGE_STANDARD = gnu11;
				GCC_DYNAMIC_NO_PIC = NO;
				GCC_NO_COMMON_BLOCKS = YES;
				GCC_OPTIMIZATION_LEVEL = 0;
				GCC_PREPROCESSOR_DEFINITIONS = (
					"DEBUG=1",
					"$(inherited)",
				);
				GCC_WARN_64_TO_32_BIT_CONVERSION = YES;
				GCC_WARN_ABOUT_RETURN_TYPE = YES_ERROR;
				GCC_WARN_UNDECLARED_SELECTOR = YES;
				GCC_WARN_UNINITIALIZED_AUTOS = YES_AGGRESSIVE;
				GCC_WARN_UNUSED_FUNCTION = YES;
				GCC_WARN_UNUSED_VARIABLE = YES;
				IPHONEOS_DEPLOYMENT_TARGET = 16.4;
				MTL_ENABLE_DEBUG_INFO = INCLUDE_SOURCE;
				MTL_FAST_MATH = YES;
				ONLY_ACTIVE_ARCH = YES;
				SDKROOT = iphoneos;
				SWIFT_ACTIVE_COMPILATION_CONDITIONS = DEBUG;
				SWIFT_OPTIMIZATION_LEVEL = "-Onone";
			};
			name = Debug;
		};
		B3D827882C5C563000618E3F /* Release */ = {
			isa = XCBuildConfiguration;
			buildSettings = {
				ALWAYS_SEARCH_USER_PATHS = NO;
				CLANG_ANALYZER_NONNULL = YES;
				CLANG_ANALYZER_NUMBER_OBJECT_CONVERSION = YES_AGGRESSIVE;
				CLANG_CXX_LANGUAGE_STANDARD = "gnu++20";
				CLANG_ENABLE_MODULES = YES;
				CLANG_ENABLE_OBJC_ARC = YES;
				CLANG_ENABLE_OBJC_WEAK = YES;
				CLANG_WARN_BLOCK_CAPTURE_AUTORELEASING = YES;
				CLANG_WARN_BOOL_CONVERSION = YES;
				CLANG_WARN_COMMA = YES;
				CLANG_WARN_CONSTANT_CONVERSION = YES;
				CLANG_WARN_DEPRECATED_OBJC_IMPLEMENTATIONS = YES;
				CLANG_WARN_DIRECT_OBJC_ISA_USAGE = YES_ERROR;
				CLANG_WARN_DOCUMENTATION_COMMENTS = YES;
				CLANG_WARN_EMPTY_BODY = YES;
				CLANG_WARN_ENUM_CONVERSION = YES;
				CLANG_WARN_INFINITE_RECURSION = YES;
				CLANG_WARN_INT_CONVERSION = YES;
				CLANG_WARN_NON_LITERAL_NULL_CONVERSION = YES;
				CLANG_WARN_OBJC_IMPLICIT_RETAIN_SELF = YES;
				CLANG_WARN_OBJC_LITERAL_CONVERSION = YES;
				CLANG_WARN_OBJC_ROOT_CLASS = YES_ERROR;
				CLANG_WARN_QUOTED_INCLUDE_IN_FRAMEWORK_HEADER = YES;
				CLANG_WARN_RANGE_LOOP_ANALYSIS = YES;
				CLANG_WARN_STRICT_PROTOTYPES = YES;
				CLANG_WARN_SUSPICIOUS_MOVE = YES;
				CLANG_WARN_UNGUARDED_AVAILABILITY = YES_AGGRESSIVE;
				CLANG_WARN_UNREACHABLE_CODE = YES;
				CLANG_WARN__DUPLICATE_METHOD_MATCH = YES;
				COPY_PHASE_STRIP = NO;
				DEBUG_INFORMATION_FORMAT = "dwarf-with-dsym";
				ENABLE_NS_ASSERTIONS = NO;
				ENABLE_STRICT_OBJC_MSGSEND = YES;
				ENABLE_USER_SCRIPT_SANDBOXING = YES;
				GCC_C_LANGUAGE_STANDARD = gnu11;
				GCC_NO_COMMON_BLOCKS = YES;
				GCC_WARN_64_TO_32_BIT_CONVERSION = YES;
				GCC_WARN_ABOUT_RETURN_TYPE = YES_ERROR;
				GCC_WARN_UNDECLARED_SELECTOR = YES;
				GCC_WARN_UNINITIALIZED_AUTOS = YES_AGGRESSIVE;
				GCC_WARN_UNUSED_FUNCTION = YES;
				GCC_WARN_UNUSED_VARIABLE = YES;
				IPHONEOS_DEPLOYMENT_TARGET = 16.4;
				MTL_ENABLE_DEBUG_INFO = NO;
				MTL_FAST_MATH = YES;
				SDKROOT = iphoneos;
				SWIFT_COMPILATION_MODE = wholemodule;
				SWIFT_OPTIMIZATION_LEVEL = "-O";
				VALIDATE_PRODUCT = YES;
			};
			name = Release;
		};
		B3D8278A2C5C563000618E3F /* Debug */ = {
			isa = XCBuildConfiguration;
			buildSettings = {
				ASSETCATALOG_COMPILER_APPICON_NAME = AppIcon;
				ASSETCATALOG_COMPILER_GLOBAL_ACCENT_COLOR_NAME = AccentColor;
				CODE_SIGN_STYLE = Automatic;
				CURRENT_PROJECT_VERSION = 1;
				DEVELOPMENT_ASSET_PATHS = "Main/Preview\\ Content";
				DEVELOPMENT_TEAM = Z3C5WBU343;
				ENABLE_PREVIEWS = YES;
				ENABLE_USER_SCRIPT_SANDBOXING = NO;
				GENERATE_INFOPLIST_FILE = YES;
				INFOPLIST_KEY_UIApplicationSceneManifest_Generation = YES;
				INFOPLIST_KEY_UIApplicationSupportsIndirectInputEvents = YES;
				INFOPLIST_KEY_UILaunchScreen_Generation = YES;
				INFOPLIST_KEY_UISupportedInterfaceOrientations = UIInterfaceOrientationPortrait;
				INFOPLIST_KEY_UISupportedInterfaceOrientations_iPad = "UIInterfaceOrientationLandscapeLeft UIInterfaceOrientationLandscapeRight UIInterfaceOrientationPortrait UIInterfaceOrientationPortraitUpsideDown";
				IPHONEOS_DEPLOYMENT_TARGET = 16.4;
				LD_RUNPATH_SEARCH_PATHS = (
					"$(inherited)",
					"@executable_path/Frameworks",
				);
				MARKETING_VERSION = 1.0;
				PRODUCT_BUNDLE_IDENTIFIER = dev.slottedspoon.mrkdown;
				PRODUCT_NAME = "$(TARGET_NAME)";
				SUPPORTED_PLATFORMS = "iphoneos iphonesimulator";
				SUPPORTS_MACCATALYST = NO;
				SUPPORTS_MAC_DESIGNED_FOR_IPHONE_IPAD = NO;
				SUPPORTS_XR_DESIGNED_FOR_IPHONE_IPAD = NO;
				SWIFT_EMIT_LOC_STRINGS = YES;
				SWIFT_VERSION = 5.0;
				TARGETED_DEVICE_FAMILY = "1,2";
			};
			name = Debug;
		};
		B3D8278B2C5C563000618E3F /* Release */ = {
			isa = XCBuildConfiguration;
			buildSettings = {
				ASSETCATALOG_COMPILER_APPICON_NAME = AppIcon;
				ASSETCATALOG_COMPILER_GLOBAL_ACCENT_COLOR_NAME = AccentColor;
				CODE_SIGN_STYLE = Automatic;
				CURRENT_PROJECT_VERSION = 1;
				DEVELOPMENT_ASSET_PATHS = "Main/Preview\\ Content";
				DEVELOPMENT_TEAM = Z3C5WBU343;
				ENABLE_PREVIEWS = YES;
				GENERATE_INFOPLIST_FILE = YES;
				INFOPLIST_KEY_UIApplicationSceneManifest_Generation = YES;
				INFOPLIST_KEY_UIApplicationSupportsIndirectInputEvents = YES;
				INFOPLIST_KEY_UILaunchScreen_Generation = YES;
				INFOPLIST_KEY_UISupportedInterfaceOrientations = UIInterfaceOrientationPortrait;
				INFOPLIST_KEY_UISupportedInterfaceOrientations_iPad = "UIInterfaceOrientationLandscapeLeft UIInterfaceOrientationLandscapeRight UIInterfaceOrientationPortrait UIInterfaceOrientationPortraitUpsideDown";
				IPHONEOS_DEPLOYMENT_TARGET = 16.4;
				LD_RUNPATH_SEARCH_PATHS = (
					"$(inherited)",
					"@executable_path/Frameworks",
				);
				MARKETING_VERSION = 1.0;
				PRODUCT_BUNDLE_IDENTIFIER = dev.slottedspoon.mrkdown;
				PRODUCT_NAME = "$(TARGET_NAME)";
				SUPPORTED_PLATFORMS = "iphoneos iphonesimulator";
				SUPPORTS_MACCATALYST = NO;
				SUPPORTS_MAC_DESIGNED_FOR_IPHONE_IPAD = NO;
				SUPPORTS_XR_DESIGNED_FOR_IPHONE_IPAD = NO;
				SWIFT_EMIT_LOC_STRINGS = YES;
				SWIFT_VERSION = 5.0;
				TARGETED_DEVICE_FAMILY = "1,2";
			};
			name = Release;
		};
/* End XCBuildConfiguration section */

/* Begin XCConfigurationList section */
		B30573152C81F218000CE5A8 /* Build configuration list for PBXNativeTarget "mrkdownTests" */ = {
			isa = XCConfigurationList;
			buildConfigurations = (
				B30573162C81F218000CE5A8 /* Debug */,
				B30573172C81F218000CE5A8 /* Release */,
			);
			defaultConfigurationIsVisible = 0;
			defaultConfigurationName = Release;
		};
		B3D827762C5C562D00618E3F /* Build configuration list for PBXProject "mrkdown" */ = {
			isa = XCConfigurationList;
			buildConfigurations = (
				B3D827872C5C563000618E3F /* Debug */,
				B3D827882C5C563000618E3F /* Release */,
			);
			defaultConfigurationIsVisible = 0;
			defaultConfigurationName = Release;
		};
		B3D827892C5C563000618E3F /* Build configuration list for PBXNativeTarget "mrkdown" */ = {
			isa = XCConfigurationList;
			buildConfigurations = (
				B3D8278A2C5C563000618E3F /* Debug */,
				B3D8278B2C5C563000618E3F /* Release */,
			);
			defaultConfigurationIsVisible = 0;
			defaultConfigurationName = Release;
		};
/* End XCConfigurationList section */

/* Begin XCRemoteSwiftPackageReference section */
		B30CB4902C687EFC000426D4 /* XCRemoteSwiftPackageReference "SwiftLintPlugins" */ = {
			isa = XCRemoteSwiftPackageReference;
			repositoryURL = "https://github.com/SimplyDanny/SwiftLintPlugins";
			requirement = {
				kind = exactVersion;
				version = 0.56.1;
			};
		};
		B323D9602C61C9ED00EA8BDA /* XCRemoteSwiftPackageReference "swift-markdown" */ = {
			isa = XCRemoteSwiftPackageReference;
			repositoryURL = "https://github.com/swiftlang/swift-markdown";
			requirement = {
				kind = exactVersion;
				version = 0.4.0;
			};
		};
/* End XCRemoteSwiftPackageReference section */

/* Begin XCSwiftPackageProductDependency section */
		B323D9612C61C9ED00EA8BDA /* Markdown */ = {
			isa = XCSwiftPackageProductDependency;
			package = B323D9602C61C9ED00EA8BDA /* XCRemoteSwiftPackageReference "swift-markdown" */;
			productName = Markdown;
		};
/* End XCSwiftPackageProductDependency section */
	};
	rootObject = B3D827732C5C562D00618E3F /* Project object */;
}
